
Microsoft Visual Studio Solution File, Format Version 12.00
# Visual Studio Version 16
VisualStudioVersion = 16.0.30611.23
MinimumVisualStudioVersion = 10.0.40219.1
Project("{FAE04EC0-301F-11D3-BF4B-00C04F79EFBC}") = "Airport", "Airport\Airport.csproj", "{F6DE6303-581D-47D5-B245-9DDCA220CFC9}"
EndProject
Global
	GlobalSection(SolutionConfigurationPlatforms) = preSolution
		Debug|Any CPU = Debug|Any CPU
		Release|Any CPU = Release|Any CPU
	EndGlobalSection
	GlobalSection(ProjectConfigurationPlatforms) = postSolution
		{F6DE6303-581D-47D5-B245-9DDCA220CFC9}.Debug|Any CPU.ActiveCfg = Debug|Any CPU
		{F6DE6303-581D-47D5-B245-9DDCA220CFC9}.Debug|Any CPU.Build.0 = Debug|Any CPU
		{F6DE6303-581D-47D5-B245-9DDCA220CFC9}.Release|Any CPU.ActiveCfg = Release|Any CPU
		{F6DE6303-581D-47D5-B245-9DDCA220CFC9}.Release|Any CPU.Build.0 = Release|Any CPU
	EndGlobalSection
	GlobalSection(SolutionProperties) = preSolution
		HideSolutionNode = FALSE
	EndGlobalSection
	GlobalSection(ExtensibilityGlobals) = postSolution
		SolutionGuid = {E9C49078-3F27-4936-BFB7-A8E7DC357718}
	EndGlobalSection
EndGlobal
